// !$*UTF8*$!
{
	archiveVersion = 1;
	classes = {
	};
	objectVersion = 46;
	objects = {

/* Begin PBXBuildFile section */
		6098C4771CB9C2B0009C8F7C /* AppDelegate.swift in Sources */ = {isa = PBXBuildFile; fileRef = 6098C4761CB9C2B0009C8F7C /* AppDelegate.swift */; };
		6098C4791CB9C2B0009C8F7C /* ViewController.swift in Sources */ = {isa = PBXBuildFile; fileRef = 6098C4781CB9C2B0009C8F7C /* ViewController.swift */; };
		6098C47C1CB9C2B0009C8F7C /* Main.storyboard in Resources */ = {isa = PBXBuildFile; fileRef = 6098C47A1CB9C2B0009C8F7C /* Main.storyboard */; };
		6098C47E1CB9C2B0009C8F7C /* Assets.xcassets in Resources */ = {isa = PBXBuildFile; fileRef = 6098C47D1CB9C2B0009C8F7C /* Assets.xcassets */; };
		6098C4811CB9C2B0009C8F7C /* LaunchScreen.storyboard in Resources */ = {isa = PBXBuildFile; fileRef = 6098C47F1CB9C2B0009C8F7C /* LaunchScreen.storyboard */; };
		6098C48B1CB9CBEB009C8F7C /* Cell.swift in Sources */ = {isa = PBXBuildFile; fileRef = 6098C48A1CB9CBEB009C8F7C /* Cell.swift */; };
		60FC2F481CBA05C900A5D297 /* mine.png in Resources */ = {isa = PBXBuildFile; fileRef = 60FC2F471CBA05C900A5D297 /* mine.png */; };
		60FC2F4A1CBA05D200A5D297 /* flag.png in Resources */ = {isa = PBXBuildFile; fileRef = 60FC2F491CBA05D200A5D297 /* flag.png */; };
		60FC2F541CBA164000A5D297 /* 4.png in Resources */ = {isa = PBXBuildFile; fileRef = 60FC2F4C1CBA164000A5D297 /* 4.png */; };
		60FC2F551CBA164000A5D297 /* 8.png in Resources */ = {isa = PBXBuildFile; fileRef = 60FC2F4D1CBA164000A5D297 /* 8.png */; };
		60FC2F561CBA164000A5D297 /* 1.png in Resources */ = {isa = PBXBuildFile; fileRef = 60FC2F4E1CBA164000A5D297 /* 1.png */; };
		60FC2F571CBA164000A5D297 /* 7.png in Resources */ = {isa = PBXBuildFile; fileRef = 60FC2F4F1CBA164000A5D297 /* 7.png */; };
		60FC2F581CBA164000A5D297 /* 6.png in Resources */ = {isa = PBXBuildFile; fileRef = 60FC2F501CBA164000A5D297 /* 6.png */; };
		60FC2F591CBA164000A5D297 /* 5.png in Resources */ = {isa = PBXBuildFile; fileRef = 60FC2F511CBA164000A5D297 /* 5.png */; };
		60FC2F5A1CBA164000A5D297 /* 3.png in Resources */ = {isa = PBXBuildFile; fileRef = 60FC2F521CBA164000A5D297 /* 3.png */; };
		60FC2F5B1CBA164000A5D297 /* 2.png in Resources */ = {isa = PBXBuildFile; fileRef = 60FC2F531CBA164000A5D297 /* 2.png */; };
		60FC2F5D1CBA1E4100A5D297 /* empty.jpg in Resources */ = {isa = PBXBuildFile; fileRef = 60FC2F5C1CBA1E4100A5D297 /* empty.jpg */; };
/* End PBXBuildFile section */

/* Begin PBXFileReference section */
		6098C4731CB9C2B0009C8F7C /* MineSweeper.app */ = {isa = PBXFileReference; explicitFileType = wrapper.application; includeInIndex = 0; path = MineSweeper.app; sourceTree = BUILT_PRODUCTS_DIR; };
		6098C4761CB9C2B0009C8F7C /* AppDelegate.swift */ = {isa = PBXFileReference; lastKnownFileType = sourcecode.swift; path = AppDelegate.swift; sourceTree = "<group>"; };
		6098C4781CB9C2B0009C8F7C /* ViewController.swift */ = {isa = PBXFileReference; lastKnownFileType = sourcecode.swift; path = ViewController.swift; sourceTree = "<group>"; };
		6098C47B1CB9C2B0009C8F7C /* Base */ = {isa = PBXFileReference; lastKnownFileType = file.storyboard; name = Base; path = Base.lproj/Main.storyboard; sourceTree = "<group>"; };
		6098C47D1CB9C2B0009C8F7C /* Assets.xcassets */ = {isa = PBXFileReference; lastKnownFileType = folder.assetcatalog; path = Assets.xcassets; sourceTree = "<group>"; };
		6098C4801CB9C2B0009C8F7C /* Base */ = {isa = PBXFileReference; lastKnownFileType = file.storyboard; name = Base; path = Base.lproj/LaunchScreen.storyboard; sourceTree = "<group>"; };
		6098C4821CB9C2B0009C8F7C /* Info.plist */ = {isa = PBXFileReference; lastKnownFileType = text.plist.xml; path = Info.plist; sourceTree = "<group>"; };
		6098C48A1CB9CBEB009C8F7C /* Cell.swift */ = {isa = PBXFileReference; fileEncoding = 4; lastKnownFileType = sourcecode.swift; path = Cell.swift; sourceTree = "<group>"; };
		60FC2F471CBA05C900A5D297 /* mine.png */ = {isa = PBXFileReference; lastKnownFileType = image.png; path = mine.png; sourceTree = "<group>"; };
		60FC2F491CBA05D200A5D297 /* flag.png */ = {isa = PBXFileReference; lastKnownFileType = image.png; path = flag.png; sourceTree = "<group>"; };
		60FC2F4C1CBA164000A5D297 /* 4.png */ = {isa = PBXFileReference; lastKnownFileType = image.png; path = 4.png; sourceTree = "<group>"; };
		60FC2F4D1CBA164000A5D297 /* 8.png */ = {isa = PBXFileReference; lastKnownFileType = image.png; path = 8.png; sourceTree = "<group>"; };
		60FC2F4E1CBA164000A5D297 /* 1.png */ = {isa = PBXFileReference; lastKnownFileType = image.png; path = 1.png; sourceTree = "<group>"; };
		60FC2F4F1CBA164000A5D297 /* 7.png */ = {isa = PBXFileReference; lastKnownFileType = image.png; path = 7.png; sourceTree = "<group>"; };
		60FC2F501CBA164000A5D297 /* 6.png */ = {isa = PBXFileReference; lastKnownFileType = image.png; path = 6.png; sourceTree = "<group>"; };
		60FC2F511CBA164000A5D297 /* 5.png */ = {isa = PBXFileReference; lastKnownFileType = image.png; path = 5.png; sourceTree = "<group>"; };
		60FC2F521CBA164000A5D297 /* 3.png */ = {isa = PBXFileReference; lastKnownFileType = image.png; path = 3.png; sourceTree = "<group>"; };
		60FC2F531CBA164000A5D297 /* 2.png */ = {isa = PBXFileReference; lastKnownFileType = image.png; path = 2.png; sourceTree = "<group>"; };
		60FC2F5C1CBA1E4100A5D297 /* empty.jpg */ = {isa = PBXFileReference; lastKnownFileType = image.jpeg; path = empty.jpg; sourceTree = "<group>"; };
/* End PBXFileReference section */

/* Begin PBXFrameworksBuildPhase section */
		6098C4701CB9C2B0009C8F7C /* Frameworks */ = {
			isa = PBXFrameworksBuildPhase;
			buildActionMask = 2147483647;
			files = (
			);
			runOnlyForDeploymentPostprocessing = 0;
		};
/* End PBXFrameworksBuildPhase section */

/* Begin PBXGroup section */
		6098C46A1CB9C2B0009C8F7C = {
			isa = PBXGroup;
			children = (
				6098C4751CB9C2B0009C8F7C /* MineSweeper */,
				6098C4741CB9C2B0009C8F7C /* Products */,
			);
			sourceTree = "<group>";
		};
		6098C4741CB9C2B0009C8F7C /* Products */ = {
			isa = PBXGroup;
			children = (
				6098C4731CB9C2B0009C8F7C /* MineSweeper.app */,
			);
			name = Products;
			sourceTree = "<group>";
		};
		6098C4751CB9C2B0009C8F7C /* MineSweeper */ = {
			isa = PBXGroup;
			children = (
				60FC2F461CBA05BD00A5D297 /* Images */,
				6098C4761CB9C2B0009C8F7C /* AppDelegate.swift */,
				6098C4781CB9C2B0009C8F7C /* ViewController.swift */,
				6098C47A1CB9C2B0009C8F7C /* Main.storyboard */,
				6098C47D1CB9C2B0009C8F7C /* Assets.xcassets */,
				6098C47F1CB9C2B0009C8F7C /* LaunchScreen.storyboard */,
				6098C4821CB9C2B0009C8F7C /* Info.plist */,
				6098C48A1CB9CBEB009C8F7C /* Cell.swift */,
			);
			path = MineSweeper;
			sourceTree = "<group>";
		};
		60FC2F461CBA05BD00A5D297 /* Images */ = {
			isa = PBXGroup;
			children = (
				60FC2F5C1CBA1E4100A5D297 /* empty.jpg */,
				60FC2F471CBA05C900A5D297 /* mine.png */,
				60FC2F491CBA05D200A5D297 /* flag.png */,
				60FC2F4B1CBA162600A5D297 /* numbers */,
			);
			name = Images;
			sourceTree = "<group>";
		};
		60FC2F4B1CBA162600A5D297 /* numbers */ = {
			isa = PBXGroup;
			children = (
				60FC2F4C1CBA164000A5D297 /* 4.png */,
				60FC2F4D1CBA164000A5D297 /* 8.png */,
				60FC2F4E1CBA164000A5D297 /* 1.png */,
				60FC2F4F1CBA164000A5D297 /* 7.png */,
				60FC2F501CBA164000A5D297 /* 6.png */,
				60FC2F511CBA164000A5D297 /* 5.png */,
				60FC2F521CBA164000A5D297 /* 3.png */,
				60FC2F531CBA164000A5D297 /* 2.png */,
			);
			name = numbers;
			sourceTree = "<group>";
		};
/* End PBXGroup section */

/* Begin PBXNativeTarget section */
		6098C4721CB9C2B0009C8F7C /* MineSweeper */ = {
			isa = PBXNativeTarget;
			buildConfigurationList = 6098C4851CB9C2B0009C8F7C /* Build configuration list for PBXNativeTarget "MineSweeper" */;
			buildPhases = (
				6098C46F1CB9C2B0009C8F7C /* Sources */,
				6098C4701CB9C2B0009C8F7C /* Frameworks */,
				6098C4711CB9C2B0009C8F7C /* Resources */,
			);
			buildRules = (
			);
			dependencies = (
			);
			name = MineSweeper;
			productName = MineSweeper;
			productReference = 6098C4731CB9C2B0009C8F7C /* MineSweeper.app */;
			productType = "com.apple.product-type.application";
		};
/* End PBXNativeTarget section */

/* Begin PBXProject section */
		6098C46B1CB9C2B0009C8F7C /* Project object */ = {
			isa = PBXProject;
			attributes = {
				LastSwiftUpdateCheck = 0720;
				LastUpgradeCheck = 0720;
				ORGANIZATIONNAME = "Sai Krishna Bandaru";
				TargetAttributes = {
					6098C4721CB9C2B0009C8F7C = {
						CreatedOnToolsVersion = 7.2;
					};
				};
			};
			buildConfigurationList = 6098C46E1CB9C2B0009C8F7C /* Build configuration list for PBXProject "MineSweeper" */;
			compatibilityVersion = "Xcode 3.2";
			developmentRegion = English;
			hasScannedForEncodings = 0;
			knownRegions = (
				en,
				Base,
			);
			mainGroup = 6098C46A1CB9C2B0009C8F7C;
			productRefGroup = 6098C4741CB9C2B0009C8F7C /* Products */;
			projectDirPath = "";
			projectRoot = "";
			targets = (
				6098C4721CB9C2B0009C8F7C /* MineSweeper */,
			);
		};
/* End PBXProject section */

/* Begin PBXResourcesBuildPhase section */
		6098C4711CB9C2B0009C8F7C /* Resources */ = {
			isa = PBXResourcesBuildPhase;
			buildActionMask = 2147483647;
			files = (
				60FC2F481CBA05C900A5D297 /* mine.png in Resources */,
				60FC2F581CBA164000A5D297 /* 6.png in Resources */,
				60FC2F5B1CBA164000A5D297 /* 2.png in Resources */,
				60FC2F4A1CBA05D200A5D297 /* flag.png in Resources */,
				60FC2F561CBA164000A5D297 /* 1.png in Resources */,
				60FC2F551CBA164000A5D297 /* 8.png in Resources */,
				60FC2F5A1CBA164000A5D297 /* 3.png in Resources */,
				60FC2F591CBA164000A5D297 /* 5.png in Resources */,
				6098C4811CB9C2B0009C8F7C /* LaunchScreen.storyboard in Resources */,
				60FC2F571CBA164000A5D297 /* 7.png in Resources */,
				60FC2F5D1CBA1E4100A5D297 /* empty.jpg in Resources */,
				60FC2F541CBA164000A5D297 /* 4.png in Resources */,
				6098C47E1CB9C2B0009C8F7C /* Assets.xcassets in Resources */,
				6098C47C1CB9C2B0009C8F7C /* Main.storyboard in Resources */,
			);
			runOnlyForDeploymentPostprocessing = 0;
		};
/* End PBXResourcesBuildPhase section */

/* Begin PBXSourcesBuildPhase section */
		6098C46F1CB9C2B0009C8F7C /* Sources */ = {
			isa = PBXSourcesBuildPhase;
			buildActionMask = 2147483647;
			files = (
				6098C4791CB9C2B0009C8F7C /* ViewController.swift in Sources */,
				6098C4771CB9C2B0009C8F7C /* AppDelegate.swift in Sources */,
				6098C48B1CB9CBEB009C8F7C /* Cell.swift in Sources */,
			);
			runOnlyForDeploymentPostprocessing = 0;
		};
/* End PBXSourcesBuildPhase section */

/* Begin PBXVariantGroup section */
		6098C47A1CB9C2B0009C8F7C /* Main.storyboard */ = {
			isa = PBXVariantGroup;
			children = (
				6098C47B1CB9C2B0009C8F7C /* Base */,
			);
			name = Main.storyboard;
			sourceTree = "<group>";
		};
		6098C47F1CB9C2B0009C8F7C /* LaunchScreen.storyboard */ = {
			isa = PBXVariantGroup;
			children = (
				6098C4801CB9C2B0009C8F7C /* Base */,
			);
			name = LaunchScreen.storyboard;
			sourceTree = "<group>";
		};
/* End PBXVariantGroup section */

/* Begin XCBuildConfiguration section */
		6098C4831CB9C2B0009C8F7C /* Debug */ = {
			isa = XCBuildConfiguration;
			buildSettings = {
				ALWAYS_SEARCH_USER_PATHS = NO;
				CLANG_CXX_LANGUAGE_STANDARD = "gnu++0x";
				CLANG_CXX_LIBRARY = "libc++";
				CLANG_ENABLE_MODULES = YES;
				CLANG_ENABLE_OBJC_ARC = YES;
				CLANG_WARN_BOOL_CONVERSION = YES;
				CLANG_WARN_CONSTANT_CONVERSION = YES;
				CLANG_WARN_DIRECT_OBJC_ISA_USAGE = YES_ERROR;
				CLANG_WARN_EMPTY_BODY = YES;
				CLANG_WARN_ENUM_CONVERSION = YES;
				CLANG_WARN_INT_CONVERSION = YES;
				CLANG_WARN_OBJC_ROOT_CLASS = YES_ERROR;
				CLANG_WARN_UNREACHABLE_CODE = YES;
				CLANG_WARN__DUPLICATE_METHOD_MATCH = YES;
				"CODE_SIGN_IDENTITY[sdk=iphoneos*]" = "iPhone Developer";
				COPY_PHASE_STRIP = NO;
				DEBUG_INFORMATION_FORMAT = dwarf;
				ENABLE_STRICT_OBJC_MSGSEND = YES;
				ENABLE_TESTABILITY = YES;
				GCC_C_LANGUAGE_STANDARD = gnu99;
				GCC_DYNAMIC_NO_PIC = NO;
				GCC_NO_COMMON_BLOCKS = YES;
				GCC_OPTIMIZATION_LEVEL = 0;
				GCC_PREPROCESSOR_DEFINITIONS = (
					"DEBUG=1",
					"$(inherited)",
				);
				GCC_WARN_64_TO_32_BIT_CONVERSION = YES;
				GCC_WARN_ABOUT_RETURN_TYPE = YES_ERROR;
				GCC_WARN_UNDECLARED_SELECTOR = YES;
				GCC_WARN_UNINITIALIZED_AUTOS = YES_AGGRESSIVE;
				GCC_WARN_UNUSED_FUNCTION = YES;
				GCC_WARN_UNUSED_VARIABLE = YES;
				IPHONEOS_DEPLOYMENT_TARGET = 9.2;
				MTL_ENABLE_DEBUG_INFO = YES;
				ONLY_ACTIVE_ARCH = YES;
				SDKROOT = iphoneos;
				SWIFT_OPTIMIZATION_LEVEL = "-Onone";
				TARGETED_DEVICE_FAMILY = "1,2";
			};
			name = Debug;
		};
		6098C4841CB9C2B0009C8F7C /* Release */ = {
			isa = XCBuildConfiguration;
			buildSettings = {
				ALWAYS_SEARCH_USER_PATHS = NO;
				CLANG_CXX_LANGUAGE_STANDARD = "gnu++0x";
				CLANG_CXX_LIBRARY = "libc++";
				CLANG_ENABLE_MODULES = YES;
				CLANG_ENABLE_OBJC_ARC = YES;
				CLANG_WARN_BOOL_CONVERSION = YES;
				CLANG_WARN_CONSTANT_CONVERSION = YES;
				CLANG_WARN_DIRECT_OBJC_ISA_USAGE = YES_ERROR;
				CLANG_WARN_EMPTY_BODY = YES;
				CLANG_WARN_ENUM_CONVERSION = YES;
				CLANG_WARN_INT_CONVERSION = YES;
				CLANG_WARN_OBJC_ROOT_CLASS = YES_ERROR;
				CLANG_WARN_UNREACHABLE_CODE = YES;
				CLANG_WARN__DUPLICATE_METHOD_MATCH = YES;
				"CODE_SIGN_IDENTITY[sdk=iphoneos*]" = "iPhone Developer";
				COPY_PHASE_STRIP = NO;
				DEBUG_INFORMATION_FORMAT = "dwarf-with-dsym";
				ENABLE_NS_ASSERTIONS = NO;
				ENABLE_STRICT_OBJC_MSGSEND = YES;
				GCC_C_LANGUAGE_STANDARD = gnu99;
				GCC_NO_COMMON_BLOCKS = YES;
				GCC_WARN_64_TO_32_BIT_CONVERSION = YES;
				GCC_WARN_ABOUT_RETURN_TYPE = YES_ERROR;
				GCC_WARN_UNDECLARED_SELECTOR = YES;
				GCC_WARN_UNINITIALIZED_AUTOS = YES_AGGRESSIVE;
				GCC_WARN_UNUSED_FUNCTION = YES;
				GCC_WARN_UNUSED_VARIABLE = YES;
				IPHONEOS_DEPLOYMENT_TARGET = 9.2;
				MTL_ENABLE_DEBUG_INFO = NO;
				SDKROOT = iphoneos;
				TARGETED_DEVICE_FAMILY = "1,2";
				VALIDATE_PRODUCT = YES;
			};
			name = Release;
		};
		6098C4861CB9C2B0009C8F7C /* Debug */ = {
			isa = XCBuildConfiguration;
			buildSettings = {
				ASSETCATALOG_COMPILER_APPICON_NAME = AppIcon;
				INFOPLIST_FILE = MineSweeper/Info.plist;
				LD_RUNPATH_SEARCH_PATHS = "$(inherited) @executable_path/Frameworks";
				PRODUCT_BUNDLE_IDENTIFIER = com.Sai.MineSweeper;
				PRODUCT_NAME = "$(TARGET_NAME)";
			};
			name = Debug;
		};
		6098C4871CB9C2B0009C8F7C /* Release */ = {
			isa = XCBuildConfiguration;
			buildSettings = {
				ASSETCATALOG_COMPILER_APPICON_NAME = AppIcon;
				INFOPLIST_FILE = MineSweeper/Info.plist;
				LD_RUNPATH_SEARCH_PATHS = "$(inherited) @executable_path/Frameworks";
				PRODUCT_BUNDLE_IDENTIFIER = com.Sai.MineSweeper;
				PRODUCT_NAME = "$(TARGET_NAME)";
			};
			name = Release;
		};
/* End XCBuildConfiguration section */

/* Begin XCConfigurationList section */
		6098C46E1CB9C2B0009C8F7C /* Build configuration list for PBXProject "MineSweeper" */ = {
			isa = XCConfigurationList;
			buildConfigurations = (
				6098C4831CB9C2B0009C8F7C /* Debug */,
				6098C4841CB9C2B0009C8F7C /* Release */,
			);
			defaultConfigurationIsVisible = 0;
			defaultConfigurationName = Release;
		};
		6098C4851CB9C2B0009C8F7C /* Build configuration list for PBXNativeTarget "MineSweeper" */ = {
			isa = XCConfigurationList;
			buildConfigurations = (
				6098C4861CB9C2B0009C8F7C /* Debug */,
				6098C4871CB9C2B0009C8F7C /* Release */,
			);
			defaultConfigurationIsVisible = 0;
			defaultConfigurationName = Release;
		};
/* End XCConfigurationList section */
	};
	rootObject = 6098C46B1CB9C2B0009C8F7C /* Project object */;
}
